{
  "version": 4,
  "terraform_version": "1.7.0",
  "serial": 147,
  "lineage": "c6aae07f-eab0-e2a8-cc80-ce8800ea660f",
  "outputs": {},
  "resources": [
    {
      "mode": "data",
      "type": "openstack_images_image_v2",
      "name": "deb",
      "provider": "provider[\"registry.terraform.io/terraform-providers/openstack\"]",
      "instances": [
        {
          "schema_version": 0,
          "attributes": {
            "checksum": "c2757634065ccc4684529598a3ef81e2",
            "container_format": "bare",
            "created_at": "2024-02-26T09:02:45Z",
            "disk_format": "raw",
            "file": "/v2/images/4ea058bc-0ad1-4094-9c65-ad5b6dcae4a3/file",
            "hidden": false,
            "id": "4ea058bc-0ad1-4094-9c65-ad5b6dcae4a3",
            "member_status": null,
            "metadata": {},
            "min_disk_gb": 0,
            "min_ram_mb": 0,
            "most_recent": false,
            "name": "Official-debian-11",
            "name_regex": null,
            "owner": "5f0912513b984a24b4e412a407fcd32c",
            "properties": {
              "direct_url": "rbd://502a5fd2-509f-4bdb-a211-ed00f9d84108/images/4ea058bc-0ad1-4094-9c65-ad5b6dcae4a3/snap",
              "os_hash_algo": "sha512",
              "os_hash_value": "46c070cf995bd6ca9cf9f512891e7c7a65a3960b7896ebc705c67ce057ccd73c841f260ad4b01b96c5893d9e22ca4af3c3941ec1a254d4ddff5a4293e2777a07"
            },
            "protected": false,
            "region": "",
            "schema": "/v2/schemas/image",
            "size_bytes": 2147483648,
            "size_max": null,
            "size_min": null,
            "sort_direction": "asc",
            "sort_key": "name",
            "tag": null,
            "tags": [
              "26-02-2024",
              "V11",
              "debian",
              "latest",
              "official"
            ],
            "updated_at": "2024-02-26T09:03:19Z",
            "visibility": "public"
          },
          "sensitive_attributes": []
        }
      ]
    },
    {
      "mode": "data",
      "type": "openstack_networking_network_v2",
      "name": "public",
      "provider": "provider[\"registry.terraform.io/terraform-providers/openstack\"]",
      "instances": [
        {
          "schema_version": 0,
          "attributes": {
            "admin_state_up": "true",
            "all_tags": [],
            "availability_zone_hints": [],
            "description": "Network to expose floating IPs",
            "dns_domain": "",
            "external": true,
            "id": "038e7eda-28e0-4637-8690-7e6faf20486f",
            "matching_subnet_cidr": null,
            "mtu": 1500,
            "name": "public",
            "network_id": null,
            "region": "",
            "segments": [],
            "shared": "false",
            "status": null,
            "subnets": [
              "188dd554-f208-4ce9-b63d-1cebf81a75ee"
            ],
            "tags": null,
            "tenant_id": "5f0912513b984a24b4e412a407fcd32c",
            "transparent_vlan": false
          },
          "sensitive_attributes": []
        }
      ]
    },
    {
      "mode": "managed",
      "type": "local_file",
      "name": "ansible_inventory",
      "provider": "provider[\"registry.terraform.io/hashicorp/local\"]",
      "instances": [
        {
          "schema_version": 0,
          "attributes": {
            "content": "[servers]\n185.34.141.147",
            "content_base64": null,
            "content_base64sha256": "3b740HXReAj5ek4AIPJFIBFHxD1b4PMNRoB7FX7wKV4=",
            "content_base64sha512": "bqs9HOl5a+ddbxsHiBpEn6G20TOboM5sMlR+lbt+tjXy5oVm7W63ROdZiEigYYB0x0+nt6cst7Tr3DWQOAssIA==",
            "content_md5": "da39b61d40c9b6bdad0d25d158df559b",
            "content_sha1": "21da9d0ca2be8f40eeee447435df73eab431063a",
            "content_sha256": "ddbef8d075d17808f97a4e0020f245201147c43d5be0f30d46807b157ef0295e",
            "content_sha512": "6eab3d1ce9796be75d6f1b07881a449fa1b6d1339ba0ce6c32547e95bb7eb635f2e68566ed6eb744e7598848a0618074c74fa7b7a72cb7b4ebdc3590380b2c20",
            "directory_permission": "0777",
            "file_permission": "0777",
            "filename": "./../ansible/inventories/dev/hosts",
            "id": "21da9d0ca2be8f40eeee447435df73eab431063a",
            "sensitive_content": null,
            "source": null
          },
          "sensitive_attributes": [],
          "dependencies": [
            "openstack_networking_floatingip_v2.fip_1"
          ]
        }
      ]
    },
    {
      "mode": "managed",
      "type": "openstack_blockstorage_volume_v3",
      "name": "volume",
      "provider": "provider[\"registry.terraform.io/terraform-providers/openstack\"]",
      "instances": [
        {
          "schema_version": 0,
          "attributes": {
            "attachment": [],
            "availability_zone": "nova",
            "backup_id": "",
            "consistency_group_id": null,
            "description": "",
            "enable_online_resize": null,
            "id": "a4820fe3-2da0-4993-b72b-41bb2bd63263",
            "image_id": null,
            "metadata": {},
            "multiattach": null,
            "name": "volume-1",
            "region": "",
            "scheduler_hints": [],
            "size": 1,
            "snapshot_id": "",
            "source_replica": null,
            "source_vol_id": "",
            "timeouts": null,
            "volume_type": "default"
          },
          "sensitive_attributes": [],
          "private": "eyJlMmJmYjczMC1lY2FhLTExZTYtOGY4OC0zNDM2M2JjN2M0YzAiOnsiY3JlYXRlIjo2MDAwMDAwMDAwMDAsImRlbGV0ZSI6NjAwMDAwMDAwMDAwfX0="
        }
      ]
    },
    {
      "mode": "managed",
      "type": "openstack_compute_floatingip_associate_v2",
      "name": "fip_1",
      "provider": "provider[\"registry.terraform.io/terraform-providers/openstack\"]",
      "instances": [
        {
          "schema_version": 0,
          "attributes": {
            "fixed_ip": "",
            "floating_ip": "10.190.48.147",
            "id": "10.190.48.147/c08c5d62-fb6f-40ad-8700-22b5d0e19b32/",
            "instance_id": "c08c5d62-fb6f-40ad-8700-22b5d0e19b32",
            "region": "",
            "timeouts": null,
            "wait_until_associated": null
          },
          "sensitive_attributes": [],
          "private": "eyJlMmJmYjczMC1lY2FhLTExZTYtOGY4OC0zNDM2M2JjN2M0YzAiOnsiY3JlYXRlIjo2MDAwMDAwMDAwMDB9fQ==",
          "dependencies": [
            "data.openstack_images_image_v2.deb",
            "openstack_compute_instance_v2.instance",
            "openstack_networking_floatingip_v2.fip_1",
            "openstack_networking_network_v2.network"
          ]
        }
      ]
    },
    {
      "mode": "managed",
      "type": "openstack_compute_instance_v2",
      "name": "instance",
      "provider": "provider[\"registry.terraform.io/terraform-providers/openstack\"]",
      "instances": [
        {
          "schema_version": 0,
          "attributes": {
            "access_ip_v4": "192.168.1.8",
            "access_ip_v6": "",
            "admin_pass": null,
            "all_metadata": {},
            "all_tags": [],
            "availability_zone": "iaas",
            "availability_zone_hints": null,
            "block_device": [],
            "config_drive": null,
            "created": "2024-02-29 15:06:46 +0000 UTC",
            "flavor_id": "7c65f055-765b-4672-96d1-c9be3e88185a",
            "flavor_name": "v1.m1.d10",
            "floating_ip": null,
            "force_delete": false,
            "id": "c08c5d62-fb6f-40ad-8700-22b5d0e19b32",
            "image_id": "4ea058bc-0ad1-4094-9c65-ad5b6dcae4a3",
            "image_name": "Official-debian-11",
            "key_pair": "",
            "metadata": null,
            "name": "instance-1",
            "network": [
              {
                "access_network": false,
                "fixed_ip_v4": "192.168.1.8",
                "fixed_ip_v6": "",
                "floating_ip": "",
                "mac": "fa:16:3e:2f:5f:5d",
                "name": "my-network",
                "port": "",
                "uuid": "1548d161-327d-4c1b-88a6-3d519d827257"
              }
            ],
            "network_mode": null,
            "personality": [],
            "power_state": "active",
            "region": "",
            "scheduler_hints": [],
            "security_groups": [
              "default"
            ],
            "stop_before_destroy": false,
            "tags": null,
            "timeouts": null,
            "updated": "2024-02-29 15:06:56 +0000 UTC",
            "user_data": "ec255c41f7a68e586ce30b82f96d1c69833144e2",
            "vendor_options": [],
            "volume": []
          },
          "sensitive_attributes": [],
          "private": "eyJlMmJmYjczMC1lY2FhLTExZTYtOGY4OC0zNDM2M2JjN2M0YzAiOnsiY3JlYXRlIjoxODAwMDAwMDAwMDAwLCJkZWxldGUiOjE4MDAwMDAwMDAwMDAsInVwZGF0ZSI6MTgwMDAwMDAwMDAwMH19",
          "dependencies": [
            "data.openstack_images_image_v2.deb",
            "openstack_networking_network_v2.network"
          ]
        }
      ]
    },
    {
      "mode": "managed",
      "type": "openstack_compute_volume_attach_v2",
      "name": "volume_attach",
      "provider": "provider[\"registry.terraform.io/terraform-providers/openstack\"]",
      "instances": [
        {
          "schema_version": 0,
          "attributes": {
            "device": "/dev/vdb",
            "id": "c08c5d62-fb6f-40ad-8700-22b5d0e19b32/a4820fe3-2da0-4993-b72b-41bb2bd63263",
            "instance_id": "c08c5d62-fb6f-40ad-8700-22b5d0e19b32",
            "multiattach": null,
            "region": "",
            "timeouts": null,
            "vendor_options": [],
            "volume_id": "a4820fe3-2da0-4993-b72b-41bb2bd63263"
          },
          "sensitive_attributes": [],
          "private": "eyJlMmJmYjczMC1lY2FhLTExZTYtOGY4OC0zNDM2M2JjN2M0YzAiOnsiY3JlYXRlIjo2MDAwMDAwMDAwMDAsImRlbGV0ZSI6NjAwMDAwMDAwMDAwfX0=",
          "dependencies": [
            "data.openstack_images_image_v2.deb",
            "openstack_blockstorage_volume_v3.volume",
            "openstack_compute_instance_v2.instance",
            "openstack_networking_network_v2.network"
          ]
        }
      ]
    },
    {
      "mode": "managed",
      "type": "openstack_networking_floatingip_v2",
      "name": "fip_1",
      "provider": "provider[\"registry.terraform.io/terraform-providers/openstack\"]",
      "instances": [
        {
          "schema_version": 0,
          "attributes": {
            "address": "10.190.48.147",
            "all_tags": [],
            "description": "",
            "dns_domain": "",
            "dns_name": "",
            "fixed_ip": "",
            "id": "92dad04c-a140-461d-8897-0e5b7a93d0f4",
            "pool": "public",
            "port_id": "",
            "region": "",
            "subnet_id": null,
            "subnet_ids": null,
            "tags": null,
            "tenant_id": "0d33baef992d4afda97456d26e7206d9",
            "timeouts": null,
            "value_specs": null
          },
          "sensitive_attributes": [],
          "private": "eyJlMmJmYjczMC1lY2FhLTExZTYtOGY4OC0zNDM2M2JjN2M0YzAiOnsiY3JlYXRlIjo2MDAwMDAwMDAwMDAsImRlbGV0ZSI6NjAwMDAwMDAwMDAwfX0="
        }
      ]
    },
    {
      "mode": "managed",
      "type": "openstack_networking_network_v2",
      "name": "network",
      "provider": "provider[\"registry.terraform.io/terraform-providers/openstack\"]",
      "instances": [
        {
          "schema_version": 0,
          "attributes": {
            "admin_state_up": true,
            "all_tags": [],
            "availability_zone_hints": [],
            "description": "",
            "dns_domain": "",
            "external": false,
            "id": "1548d161-327d-4c1b-88a6-3d519d827257",
            "mtu": 8950,
            "name": "my-network",
            "port_security_enabled": false,
            "qos_policy_id": "",
            "region": "",
            "segments": [],
            "shared": false,
            "tags": null,
            "tenant_id": "0d33baef992d4afda97456d26e7206d9",
            "timeouts": null,
            "transparent_vlan": false,
            "value_specs": null
          },
          "sensitive_attributes": [],
          "private": "eyJlMmJmYjczMC1lY2FhLTExZTYtOGY4OC0zNDM2M2JjN2M0YzAiOnsiY3JlYXRlIjo2MDAwMDAwMDAwMDAsImRlbGV0ZSI6NjAwMDAwMDAwMDAwfX0="
        }
      ]
    },
    {
      "mode": "managed",
      "type": "openstack_networking_router_interface_v2",
      "name": "interface",
      "provider": "provider[\"registry.terraform.io/terraform-providers/openstack\"]",
      "instances": [
        {
          "schema_version": 0,
          "attributes": {
            "force_destroy": false,
            "id": "e65509e4-65d8-4a5b-8b8d-dd6d04750458",
            "port_id": "e65509e4-65d8-4a5b-8b8d-dd6d04750458",
            "region": "",
            "router_id": "12050b41-d8ad-4d64-aeba-01e37e120d59",
            "subnet_id": "1795a036-5b62-4a82-9334-93d57bb4b9b7",
            "timeouts": null
          },
          "sensitive_attributes": [],
          "private": "eyJlMmJmYjczMC1lY2FhLTExZTYtOGY4OC0zNDM2M2JjN2M0YzAiOnsiY3JlYXRlIjo2MDAwMDAwMDAwMDAsImRlbGV0ZSI6NjAwMDAwMDAwMDAwfX0=",
          "dependencies": [
            "data.openstack_networking_network_v2.public",
            "openstack_networking_network_v2.network",
            "openstack_networking_router_v2.global",
            "openstack_networking_subnet_v2.subnet"
          ]
        }
      ]
    },
    {
      "mode": "managed",
      "type": "openstack_networking_router_v2",
      "name": "global",
      "provider": "provider[\"registry.terraform.io/terraform-providers/openstack\"]",
      "instances": [
        {
          "schema_version": 0,
          "attributes": {
            "admin_state_up": true,
            "all_tags": [],
            "availability_zone_hints": [],
            "description": "",
            "distributed": false,
            "enable_snat": true,
            "external_fixed_ip": [
              {
                "ip_address": "10.190.48.193",
                "subnet_id": "188dd554-f208-4ce9-b63d-1cebf81a75ee"
              }
            ],
            "external_gateway": "038e7eda-28e0-4637-8690-7e6faf20486f",
            "external_network_id": "038e7eda-28e0-4637-8690-7e6faf20486f",
            "external_subnet_ids": null,
            "id": "12050b41-d8ad-4d64-aeba-01e37e120d59",
            "name": "global",
            "region": "",
            "tags": null,
            "tenant_id": "0d33baef992d4afda97456d26e7206d9",
            "timeouts": null,
            "value_specs": null,
            "vendor_options": []
          },
          "sensitive_attributes": [],
          "private": "eyJlMmJmYjczMC1lY2FhLTExZTYtOGY4OC0zNDM2M2JjN2M0YzAiOnsiY3JlYXRlIjo2MDAwMDAwMDAwMDAsImRlbGV0ZSI6NjAwMDAwMDAwMDAwfX0=",
          "dependencies": [
            "data.openstack_networking_network_v2.public"
          ]
        }
      ]
    },
    {
      "mode": "managed",
      "type": "openstack_networking_subnet_v2",
      "name": "subnet",
      "provider": "provider[\"registry.terraform.io/terraform-providers/openstack\"]",
      "instances": [
        {
          "schema_version": 0,
          "attributes": {
            "all_tags": [],
            "allocation_pool": [
              {
                "end": "192.168.1.254",
                "start": "192.168.1.2"
              }
            ],
            "allocation_pools": [
              {
                "end": "192.168.1.254",
                "start": "192.168.1.2"
              }
            ],
            "cidr": "192.168.1.0/24",
            "description": "",
            "dns_nameservers": null,
            "enable_dhcp": true,
            "gateway_ip": "192.168.1.1",
            "host_routes": [],
            "id": "1795a036-5b62-4a82-9334-93d57bb4b9b7",
            "ip_version": 4,
            "ipv6_address_mode": "",
            "ipv6_ra_mode": "",
            "name": "my-network-subnet",
            "network_id": "1548d161-327d-4c1b-88a6-3d519d827257",
            "no_gateway": false,
            "prefix_length": null,
            "region": "",
            "service_types": [],
            "subnetpool_id": "",
            "tags": null,
            "tenant_id": "0d33baef992d4afda97456d26e7206d9",
            "timeouts": null,
            "value_specs": null
          },
          "sensitive_attributes": [],
          "private": "eyJlMmJmYjczMC1lY2FhLTExZTYtOGY4OC0zNDM2M2JjN2M0YzAiOnsiY3JlYXRlIjo2MDAwMDAwMDAwMDAsImRlbGV0ZSI6NjAwMDAwMDAwMDAwfX0=",
          "dependencies": [
            "openstack_networking_network_v2.network"
          ]
        }
      ]
    },
    {
      "mode": "managed",
      "type": "ovh_domain_zone_record",
      "name": "eliaz",
      "provider": "provider[\"registry.terraform.io/ovh/ovh\"]",
      "instances": [
        {
          "schema_version": 0,
          "attributes": {
            "fieldtype": "A",
            "id": "5304279223",
            "subdomain": "eliaz",
            "target": "185.34.141.147",
            "ttl": 60,
            "zone": "uca-devops.ovh"
          },
          "sensitive_attributes": [],
          "private": "bnVsbA==",
          "dependencies": [
            "openstack_networking_floatingip_v2.fip_1"
          ]
        }
      ]
    }
  ],
  "check_results": null
}
